
Microsoft Visual Studio Solution File, Format Version 12.00
# Visual Studio Version 16
VisualStudioVersion = 16.0.30907.101
MinimumVisualStudioVersion = 10.0.40219.1
Project("{FAE04EC0-301F-11D3-BF4B-00C04F79EFBC}") = "ThiPhanLop", "ThiPhanLop\ThiPhanLop.csproj", "{ABF2428A-7AB2-4033-B2A6-C8058CF1AABB}"
EndProject
Global
	GlobalSection(SolutionConfigurationPlatforms) = preSolution
		Debug|Any CPU = Debug|Any CPU
		Release|Any CPU = Release|Any CPU
	EndGlobalSection
	GlobalSection(ProjectConfigurationPlatforms) = postSolution
		{ABF2428A-7AB2-4033-B2A6-C8058CF1AABB}.Debug|Any CPU.ActiveCfg = Debug|Any CPU
		{ABF2428A-7AB2-4033-B2A6-C8058CF1AABB}.Debug|Any CPU.Build.0 = Debug|Any CPU
		{ABF2428A-7AB2-4033-B2A6-C8058CF1AABB}.Release|Any CPU.ActiveCfg = Release|Any CPU
		{ABF2428A-7AB2-4033-B2A6-C8058CF1AABB}.Release|Any CPU.Build.0 = Release|Any CPU
	EndGlobalSection
	GlobalSection(SolutionProperties) = preSolution
		HideSolutionNode = FALSE
	EndGlobalSection
	GlobalSection(ExtensibilityGlobals) = postSolution
		SolutionGuid = {A5C68477-EBDB-4BBF-9C5C-5E6A6D17A3C2}
	EndGlobalSection
EndGlobal
